
Microsoft Visual Studio Solution File, Format Version 12.00
# Visual Studio Version 17
VisualStudioVersion = 17.1.32421.90
MinimumVisualStudioVersion = 10.0.40219.1
Project("{9A19103F-16F7-4668-BE54-9A1E7A4F7556}") = "Contacts", "Contacts.csproj", "{46639DDF-938F-4751-8B2E-9FF6289E28BF}"
EndProject
Global
	GlobalSection(SolutionConfigurationPlatforms) = preSolution
		Debug|Any CPU = Debug|Any CPU
		Release|Any CPU = Release|Any CPU
	EndGlobalSection
	GlobalSection(ProjectConfigurationPlatforms) = postSolution
		{46639DDF-938F-4751-8B2E-9FF6289E28BF}.Debug|Any CPU.ActiveCfg = Debug|Any CPU
		{46639DDF-938F-4751-8B2E-9FF6289E28BF}.Debug|Any CPU.Build.0 = Debug|Any CPU
		{46639DDF-938F-4751-8B2E-9FF6289E28BF}.Release|Any CPU.ActiveCfg = Release|Any CPU
		{46639DDF-938F-4751-8B2E-9FF6289E28BF}.Release|Any CPU.Build.0 = Release|Any CPU
	EndGlobalSection
	GlobalSection(SolutionProperties) = preSolution
		HideSolutionNode = FALSE
	EndGlobalSection
	GlobalSection(ExtensibilityGlobals) = postSolution
		SolutionGuid = {EE46CE15-3AC5-4696-8B2A-C52CD8E598F0}
	EndGlobalSection
EndGlobal
